
Microsoft Visual Studio Solution File, Format Version 12.00
# Visual Studio 15
VisualStudioVersion = 15.0.26124.0
MinimumVisualStudioVersion = 15.0.26124.0
Project("{FAE04EC0-301F-11D3-BF4B-00C04F79EFBC}") = "NewLibCore", "NewLibCore\NewLibCore.csproj", "{A17D52BA-5213-42A1-A8B4-8A9172FDDF30}"
EndProject
Project("{FAE04EC0-301F-11D3-BF4B-00C04F79EFBC}") = "NewLibCore.Data", "NewLibCore.Data\NewLibCore.Data.csproj", "{580B27C4-5D8A-4DB9-955C-A8C31FF99570}"
EndProject
Project("{FAE04EC0-301F-11D3-BF4B-00C04F79EFBC}") = "NewLibCore.Security", "NewLibCore.Security\NewLibCore.Security.csproj", "{9A51A057-B44E-43E2-8987-BFDCA7C826E8}"
EndProject
Project("{FAE04EC0-301F-11D3-BF4B-00C04F79EFBC}") = "UnitTestProject1", "UnitTestProject1\UnitTestProject1.csproj", "{53DDB807-B3DB-435A-8833-6D4C603BE89D}"
EndProject
Global
	GlobalSection(SolutionConfigurationPlatforms) = preSolution
		Debug|Any CPU = Debug|Any CPU
		Debug|x64 = Debug|x64
		Debug|x86 = Debug|x86
		Release|Any CPU = Release|Any CPU
		Release|x64 = Release|x64
		Release|x86 = Release|x86
	EndGlobalSection
	GlobalSection(SolutionProperties) = preSolution
		HideSolutionNode = FALSE
	EndGlobalSection
	GlobalSection(ProjectConfigurationPlatforms) = postSolution
		{A17D52BA-5213-42A1-A8B4-8A9172FDDF30}.Debug|Any CPU.ActiveCfg = Debug|Any CPU
		{A17D52BA-5213-42A1-A8B4-8A9172FDDF30}.Debug|Any CPU.Build.0 = Debug|Any CPU
		{A17D52BA-5213-42A1-A8B4-8A9172FDDF30}.Debug|x64.ActiveCfg = Debug|Any CPU
		{A17D52BA-5213-42A1-A8B4-8A9172FDDF30}.Debug|x64.Build.0 = Debug|Any CPU
		{A17D52BA-5213-42A1-A8B4-8A9172FDDF30}.Debug|x86.ActiveCfg = Debug|Any CPU
		{A17D52BA-5213-42A1-A8B4-8A9172FDDF30}.Debug|x86.Build.0 = Debug|Any CPU
		{A17D52BA-5213-42A1-A8B4-8A9172FDDF30}.Release|Any CPU.ActiveCfg = Release|Any CPU
		{A17D52BA-5213-42A1-A8B4-8A9172FDDF30}.Release|Any CPU.Build.0 = Release|Any CPU
		{A17D52BA-5213-42A1-A8B4-8A9172FDDF30}.Release|x64.ActiveCfg = Release|Any CPU
		{A17D52BA-5213-42A1-A8B4-8A9172FDDF30}.Release|x64.Build.0 = Release|Any CPU
		{A17D52BA-5213-42A1-A8B4-8A9172FDDF30}.Release|x86.ActiveCfg = Release|Any CPU
		{A17D52BA-5213-42A1-A8B4-8A9172FDDF30}.Release|x86.Build.0 = Release|Any CPU
		{580B27C4-5D8A-4DB9-955C-A8C31FF99570}.Debug|Any CPU.ActiveCfg = Debug|Any CPU
		{580B27C4-5D8A-4DB9-955C-A8C31FF99570}.Debug|Any CPU.Build.0 = Debug|Any CPU
		{580B27C4-5D8A-4DB9-955C-A8C31FF99570}.Debug|x64.ActiveCfg = Debug|Any CPU
		{580B27C4-5D8A-4DB9-955C-A8C31FF99570}.Debug|x64.Build.0 = Debug|Any CPU
		{580B27C4-5D8A-4DB9-955C-A8C31FF99570}.Debug|x86.ActiveCfg = Debug|Any CPU
		{580B27C4-5D8A-4DB9-955C-A8C31FF99570}.Debug|x86.Build.0 = Debug|Any CPU
		{580B27C4-5D8A-4DB9-955C-A8C31FF99570}.Release|Any CPU.ActiveCfg = Release|Any CPU
		{580B27C4-5D8A-4DB9-955C-A8C31FF99570}.Release|Any CPU.Build.0 = Release|Any CPU
		{580B27C4-5D8A-4DB9-955C-A8C31FF99570}.Release|x64.ActiveCfg = Release|Any CPU
		{580B27C4-5D8A-4DB9-955C-A8C31FF99570}.Release|x64.Build.0 = Release|Any CPU
		{580B27C4-5D8A-4DB9-955C-A8C31FF99570}.Release|x86.ActiveCfg = Release|Any CPU
		{580B27C4-5D8A-4DB9-955C-A8C31FF99570}.Release|x86.Build.0 = Release|Any CPU
		{9A51A057-B44E-43E2-8987-BFDCA7C826E8}.Debug|Any CPU.ActiveCfg = Debug|Any CPU
		{9A51A057-B44E-43E2-8987-BFDCA7C826E8}.Debug|Any CPU.Build.0 = Debug|Any CPU
		{9A51A057-B44E-43E2-8987-BFDCA7C826E8}.Debug|x64.ActiveCfg = Debug|Any CPU
		{9A51A057-B44E-43E2-8987-BFDCA7C826E8}.Debug|x64.Build.0 = Debug|Any CPU
		{9A51A057-B44E-43E2-8987-BFDCA7C826E8}.Debug|x86.ActiveCfg = Debug|Any CPU
		{9A51A057-B44E-43E2-8987-BFDCA7C826E8}.Debug|x86.Build.0 = Debug|Any CPU
		{9A51A057-B44E-43E2-8987-BFDCA7C826E8}.Release|Any CPU.ActiveCfg = Release|Any CPU
		{9A51A057-B44E-43E2-8987-BFDCA7C826E8}.Release|Any CPU.Build.0 = Release|Any CPU
		{9A51A057-B44E-43E2-8987-BFDCA7C826E8}.Release|x64.ActiveCfg = Release|Any CPU
		{9A51A057-B44E-43E2-8987-BFDCA7C826E8}.Release|x64.Build.0 = Release|Any CPU
		{9A51A057-B44E-43E2-8987-BFDCA7C826E8}.Release|x86.ActiveCfg = Release|Any CPU
		{9A51A057-B44E-43E2-8987-BFDCA7C826E8}.Release|x86.Build.0 = Release|Any CPU
		{53DDB807-B3DB-435A-8833-6D4C603BE89D}.Debug|Any CPU.ActiveCfg = Debug|Any CPU
		{53DDB807-B3DB-435A-8833-6D4C603BE89D}.Debug|Any CPU.Build.0 = Debug|Any CPU
		{53DDB807-B3DB-435A-8833-6D4C603BE89D}.Debug|x64.ActiveCfg = Debug|Any CPU
		{53DDB807-B3DB-435A-8833-6D4C603BE89D}.Debug|x64.Build.0 = Debug|Any CPU
		{53DDB807-B3DB-435A-8833-6D4C603BE89D}.Debug|x86.ActiveCfg = Debug|Any CPU
		{53DDB807-B3DB-435A-8833-6D4C603BE89D}.Debug|x86.Build.0 = Debug|Any CPU
		{53DDB807-B3DB-435A-8833-6D4C603BE89D}.Release|Any CPU.ActiveCfg = Release|Any CPU
		{53DDB807-B3DB-435A-8833-6D4C603BE89D}.Release|Any CPU.Build.0 = Release|Any CPU
		{53DDB807-B3DB-435A-8833-6D4C603BE89D}.Release|x64.ActiveCfg = Release|Any CPU
		{53DDB807-B3DB-435A-8833-6D4C603BE89D}.Release|x64.Build.0 = Release|Any CPU
		{53DDB807-B3DB-435A-8833-6D4C603BE89D}.Release|x86.ActiveCfg = Release|Any CPU
		{53DDB807-B3DB-435A-8833-6D4C603BE89D}.Release|x86.Build.0 = Release|Any CPU
	EndGlobalSection
EndGlobal
