
Microsoft Visual Studio Solution File, Format Version 12.00
# Visual Studio 15
VisualStudioVersion = 15.0.26124.0
MinimumVisualStudioVersion = 15.0.26124.0
Project("{9A19103F-16F7-4668-BE54-9A1E7A4F7556}") = "NewLibCore", "NewLibCore\NewLibCore.csproj", "{A17D52BA-5213-42A1-A8B4-8A9172FDDF30}"
EndProject
Project("{9A19103F-16F7-4668-BE54-9A1E7A4F7556}") = "NewLibCore.Data", "NewLibCore.Data\NewLibCore.Data.csproj", "{580B27C4-5D8A-4DB9-955C-A8C31FF99570}"
EndProject
Project("{9A19103F-16F7-4668-BE54-9A1E7A4F7556}") = "NewLibCore.Security", "NewLibCore.Security\NewLibCore.Security.csproj", "{9A51A057-B44E-43E2-8987-BFDCA7C826E8}"
EndProject
Project("{9A19103F-16F7-4668-BE54-9A1E7A4F7556}") = "NewLibCore.Run", "NewLibCore.Run\NewLibCore.Run.csproj", "{45458EA9-4091-4079-B092-0D2F088F7490}"
EndProject
Global
	GlobalSection(SolutionConfigurationPlatforms) = preSolution
		Debug|Any CPU = Debug|Any CPU
		Debug|x64 = Debug|x64
		Debug|x86 = Debug|x86
		Release|Any CPU = Release|Any CPU
		Release|x64 = Release|x64
		Release|x86 = Release|x86
	EndGlobalSection
	GlobalSection(ProjectConfigurationPlatforms) = postSolution
		{A17D52BA-5213-42A1-A8B4-8A9172FDDF30}.Debug|Any CPU.ActiveCfg = Debug|Any CPU
		{A17D52BA-5213-42A1-A8B4-8A9172FDDF30}.Debug|Any CPU.Build.0 = Debug|Any CPU
		{A17D52BA-5213-42A1-A8B4-8A9172FDDF30}.Debug|x64.ActiveCfg = Debug|Any CPU
		{A17D52BA-5213-42A1-A8B4-8A9172FDDF30}.Debug|x64.Build.0 = Debug|Any CPU
		{A17D52BA-5213-42A1-A8B4-8A9172FDDF30}.Debug|x86.ActiveCfg = Debug|Any CPU
		{A17D52BA-5213-42A1-A8B4-8A9172FDDF30}.Debug|x86.Build.0 = Debug|Any CPU
		{A17D52BA-5213-42A1-A8B4-8A9172FDDF30}.Release|Any CPU.ActiveCfg = Release|Any CPU
		{A17D52BA-5213-42A1-A8B4-8A9172FDDF30}.Release|Any CPU.Build.0 = Release|Any CPU
		{A17D52BA-5213-42A1-A8B4-8A9172FDDF30}.Release|x64.ActiveCfg = Release|Any CPU
		{A17D52BA-5213-42A1-A8B4-8A9172FDDF30}.Release|x64.Build.0 = Release|Any CPU
		{A17D52BA-5213-42A1-A8B4-8A9172FDDF30}.Release|x86.ActiveCfg = Release|Any CPU
		{A17D52BA-5213-42A1-A8B4-8A9172FDDF30}.Release|x86.Build.0 = Release|Any CPU
		{580B27C4-5D8A-4DB9-955C-A8C31FF99570}.Debug|Any CPU.ActiveCfg = Debug|Any CPU
		{580B27C4-5D8A-4DB9-955C-A8C31FF99570}.Debug|Any CPU.Build.0 = Debug|Any CPU
		{580B27C4-5D8A-4DB9-955C-A8C31FF99570}.Debug|x64.ActiveCfg = Debug|Any CPU
		{580B27C4-5D8A-4DB9-955C-A8C31FF99570}.Debug|x64.Build.0 = Debug|Any CPU
		{580B27C4-5D8A-4DB9-955C-A8C31FF99570}.Debug|x86.ActiveCfg = Debug|Any CPU
		{580B27C4-5D8A-4DB9-955C-A8C31FF99570}.Debug|x86.Build.0 = Debug|Any CPU
		{580B27C4-5D8A-4DB9-955C-A8C31FF99570}.Release|Any CPU.ActiveCfg = Release|Any CPU
		{580B27C4-5D8A-4DB9-955C-A8C31FF99570}.Release|Any CPU.Build.0 = Release|Any CPU
		{580B27C4-5D8A-4DB9-955C-A8C31FF99570}.Release|x64.ActiveCfg = Release|Any CPU
		{580B27C4-5D8A-4DB9-955C-A8C31FF99570}.Release|x64.Build.0 = Release|Any CPU
		{580B27C4-5D8A-4DB9-955C-A8C31FF99570}.Release|x86.ActiveCfg = Release|Any CPU
		{580B27C4-5D8A-4DB9-955C-A8C31FF99570}.Release|x86.Build.0 = Release|Any CPU
		{9A51A057-B44E-43E2-8987-BFDCA7C826E8}.Debug|Any CPU.ActiveCfg = Debug|Any CPU
		{9A51A057-B44E-43E2-8987-BFDCA7C826E8}.Debug|Any CPU.Build.0 = Debug|Any CPU
		{9A51A057-B44E-43E2-8987-BFDCA7C826E8}.Debug|x64.ActiveCfg = Debug|Any CPU
		{9A51A057-B44E-43E2-8987-BFDCA7C826E8}.Debug|x64.Build.0 = Debug|Any CPU
		{9A51A057-B44E-43E2-8987-BFDCA7C826E8}.Debug|x86.ActiveCfg = Debug|Any CPU
		{9A51A057-B44E-43E2-8987-BFDCA7C826E8}.Debug|x86.Build.0 = Debug|Any CPU
		{9A51A057-B44E-43E2-8987-BFDCA7C826E8}.Release|Any CPU.ActiveCfg = Release|Any CPU
		{9A51A057-B44E-43E2-8987-BFDCA7C826E8}.Release|Any CPU.Build.0 = Release|Any CPU
		{9A51A057-B44E-43E2-8987-BFDCA7C826E8}.Release|x64.ActiveCfg = Release|Any CPU
		{9A51A057-B44E-43E2-8987-BFDCA7C826E8}.Release|x64.Build.0 = Release|Any CPU
		{9A51A057-B44E-43E2-8987-BFDCA7C826E8}.Release|x86.ActiveCfg = Release|Any CPU
		{9A51A057-B44E-43E2-8987-BFDCA7C826E8}.Release|x86.Build.0 = Release|Any CPU
		{45458EA9-4091-4079-B092-0D2F088F7490}.Debug|Any CPU.ActiveCfg = Debug|Any CPU
		{45458EA9-4091-4079-B092-0D2F088F7490}.Debug|Any CPU.Build.0 = Debug|Any CPU
		{45458EA9-4091-4079-B092-0D2F088F7490}.Debug|x64.ActiveCfg = Debug|Any CPU
		{45458EA9-4091-4079-B092-0D2F088F7490}.Debug|x64.Build.0 = Debug|Any CPU
		{45458EA9-4091-4079-B092-0D2F088F7490}.Debug|x86.ActiveCfg = Debug|Any CPU
		{45458EA9-4091-4079-B092-0D2F088F7490}.Debug|x86.Build.0 = Debug|Any CPU
		{45458EA9-4091-4079-B092-0D2F088F7490}.Release|Any CPU.ActiveCfg = Release|Any CPU
		{45458EA9-4091-4079-B092-0D2F088F7490}.Release|Any CPU.Build.0 = Release|Any CPU
		{45458EA9-4091-4079-B092-0D2F088F7490}.Release|x64.ActiveCfg = Release|Any CPU
		{45458EA9-4091-4079-B092-0D2F088F7490}.Release|x64.Build.0 = Release|Any CPU
		{45458EA9-4091-4079-B092-0D2F088F7490}.Release|x86.ActiveCfg = Release|Any CPU
		{45458EA9-4091-4079-B092-0D2F088F7490}.Release|x86.Build.0 = Release|Any CPU
	EndGlobalSection
	GlobalSection(SolutionProperties) = preSolution
		HideSolutionNode = FALSE
	EndGlobalSection
	GlobalSection(ExtensibilityGlobals) = postSolution
		SolutionGuid = {D88221DD-9640-4484-9D97-2DA9689759F9}
	EndGlobalSection
EndGlobal
