
Microsoft Visual Studio Solution File, Format Version 12.00
# Visual Studio 15
VisualStudioVersion = 15.0.27130.2026
MinimumVisualStudioVersion = 10.0.40219.1
Project("{FAE04EC0-301F-11D3-BF4B-00C04F79EFBC}") = "NewLib.Data", "NewLib.Data\NewLib.Data.csproj", "{BDA09059-916D-498A-9A15-B7BA874CBC31}"
EndProject
Project("{FAE04EC0-301F-11D3-BF4B-00C04F79EFBC}") = "NewLib.Test", "Test\NewLib.Test.csproj", "{9A1F954D-D0E8-4384-A3B6-FF6E834FD852}"
EndProject
Project("{FAE04EC0-301F-11D3-BF4B-00C04F79EFBC}") = "NewLib.Security", "NewLib.Security\NewLib.Security.csproj", "{BEF0780C-9B01-4864-9494-4589CB5AACF8}"
EndProject
Project("{FAE04EC0-301F-11D3-BF4B-00C04F79EFBC}") = "NewLib", "NewLib\NewLib.csproj", "{F5F91600-142A-4266-9CD3-BE008E984256}"
EndProject
Project("{FAE04EC0-301F-11D3-BF4B-00C04F79EFBC}") = "NewLib.Console", "NewLib.Console\NewLib.Console.csproj", "{69B1001E-5F43-4BC6-B1FC-BBD80E630BF5}"
EndProject
Project("{2150E333-8FDC-42A3-9474-1A3956D46DE8}") = "1.NewLib", "1.NewLib", "{D197ABDC-7C36-4AF6-982F-A8886CF89827}"
EndProject
Project("{2150E333-8FDC-42A3-9474-1A3956D46DE8}") = "1.NewLibCore", "1.NewLibCore", "{5C752F55-D58E-41A7-AFE8-43B896683C4E}"
EndProject
Project("{9A19103F-16F7-4668-BE54-9A1E7A4F7556}") = "NewLibCore", "NewLibCore\NewLibCore.csproj", "{3FDD5FAA-C1CC-48C4-8381-A1EFA615F812}"
EndProject
Project("{9A19103F-16F7-4668-BE54-9A1E7A4F7556}") = "NewLibCore.Data", "NewLibCore.Data\NewLibCore.Data.csproj", "{24326845-E0B6-439E-8923-A146E9938732}"
EndProject
Project("{9A19103F-16F7-4668-BE54-9A1E7A4F7556}") = "NewLibCore.Security", "NewLibCore.Security\NewLibCore.Security.csproj", "{04026D12-578C-4452-8830-F0E5BCB666D2}"
EndProject
Project("{9A19103F-16F7-4668-BE54-9A1E7A4F7556}") = "UnitTestProject1", "UnitTestProject1\UnitTestProject1.csproj", "{A2C5BBAB-C1D4-41DA-856E-5F2A5A04BE37}"
EndProject
Project("{FAE04EC0-301F-11D3-BF4B-00C04F79EFBC}") = "ConsoleApp1", "ConsoleApp1\ConsoleApp1.csproj", "{F9EAF2B2-4BA5-491E-8A12-A53BB88F6F4D}"
EndProject
Global
	GlobalSection(SolutionConfigurationPlatforms) = preSolution
		Debug|Any CPU = Debug|Any CPU
		Release|Any CPU = Release|Any CPU
	EndGlobalSection
	GlobalSection(ProjectConfigurationPlatforms) = postSolution
		{BDA09059-916D-498A-9A15-B7BA874CBC31}.Debug|Any CPU.ActiveCfg = Debug|Any CPU
		{BDA09059-916D-498A-9A15-B7BA874CBC31}.Debug|Any CPU.Build.0 = Debug|Any CPU
		{BDA09059-916D-498A-9A15-B7BA874CBC31}.Release|Any CPU.ActiveCfg = Release|Any CPU
		{BDA09059-916D-498A-9A15-B7BA874CBC31}.Release|Any CPU.Build.0 = Release|Any CPU
		{9A1F954D-D0E8-4384-A3B6-FF6E834FD852}.Debug|Any CPU.ActiveCfg = Debug|Any CPU
		{9A1F954D-D0E8-4384-A3B6-FF6E834FD852}.Debug|Any CPU.Build.0 = Debug|Any CPU
		{9A1F954D-D0E8-4384-A3B6-FF6E834FD852}.Release|Any CPU.ActiveCfg = Release|Any CPU
		{9A1F954D-D0E8-4384-A3B6-FF6E834FD852}.Release|Any CPU.Build.0 = Release|Any CPU
		{BEF0780C-9B01-4864-9494-4589CB5AACF8}.Debug|Any CPU.ActiveCfg = Debug|Any CPU
		{BEF0780C-9B01-4864-9494-4589CB5AACF8}.Debug|Any CPU.Build.0 = Debug|Any CPU
		{BEF0780C-9B01-4864-9494-4589CB5AACF8}.Release|Any CPU.ActiveCfg = Release|Any CPU
		{BEF0780C-9B01-4864-9494-4589CB5AACF8}.Release|Any CPU.Build.0 = Release|Any CPU
		{F5F91600-142A-4266-9CD3-BE008E984256}.Debug|Any CPU.ActiveCfg = Debug|Any CPU
		{F5F91600-142A-4266-9CD3-BE008E984256}.Debug|Any CPU.Build.0 = Debug|Any CPU
		{F5F91600-142A-4266-9CD3-BE008E984256}.Release|Any CPU.ActiveCfg = Release|Any CPU
		{F5F91600-142A-4266-9CD3-BE008E984256}.Release|Any CPU.Build.0 = Release|Any CPU
		{69B1001E-5F43-4BC6-B1FC-BBD80E630BF5}.Debug|Any CPU.ActiveCfg = Debug|Any CPU
		{69B1001E-5F43-4BC6-B1FC-BBD80E630BF5}.Debug|Any CPU.Build.0 = Debug|Any CPU
		{69B1001E-5F43-4BC6-B1FC-BBD80E630BF5}.Release|Any CPU.ActiveCfg = Release|Any CPU
		{69B1001E-5F43-4BC6-B1FC-BBD80E630BF5}.Release|Any CPU.Build.0 = Release|Any CPU
		{3FDD5FAA-C1CC-48C4-8381-A1EFA615F812}.Debug|Any CPU.ActiveCfg = Debug|Any CPU
		{3FDD5FAA-C1CC-48C4-8381-A1EFA615F812}.Debug|Any CPU.Build.0 = Debug|Any CPU
		{3FDD5FAA-C1CC-48C4-8381-A1EFA615F812}.Release|Any CPU.ActiveCfg = Release|Any CPU
		{3FDD5FAA-C1CC-48C4-8381-A1EFA615F812}.Release|Any CPU.Build.0 = Release|Any CPU
		{24326845-E0B6-439E-8923-A146E9938732}.Debug|Any CPU.ActiveCfg = Debug|Any CPU
		{24326845-E0B6-439E-8923-A146E9938732}.Debug|Any CPU.Build.0 = Debug|Any CPU
		{24326845-E0B6-439E-8923-A146E9938732}.Release|Any CPU.ActiveCfg = Release|Any CPU
		{24326845-E0B6-439E-8923-A146E9938732}.Release|Any CPU.Build.0 = Release|Any CPU
		{04026D12-578C-4452-8830-F0E5BCB666D2}.Debug|Any CPU.ActiveCfg = Debug|Any CPU
		{04026D12-578C-4452-8830-F0E5BCB666D2}.Debug|Any CPU.Build.0 = Debug|Any CPU
		{04026D12-578C-4452-8830-F0E5BCB666D2}.Release|Any CPU.ActiveCfg = Release|Any CPU
		{04026D12-578C-4452-8830-F0E5BCB666D2}.Release|Any CPU.Build.0 = Release|Any CPU
		{A2C5BBAB-C1D4-41DA-856E-5F2A5A04BE37}.Debug|Any CPU.ActiveCfg = Debug|Any CPU
		{A2C5BBAB-C1D4-41DA-856E-5F2A5A04BE37}.Debug|Any CPU.Build.0 = Debug|Any CPU
		{A2C5BBAB-C1D4-41DA-856E-5F2A5A04BE37}.Release|Any CPU.ActiveCfg = Release|Any CPU
		{A2C5BBAB-C1D4-41DA-856E-5F2A5A04BE37}.Release|Any CPU.Build.0 = Release|Any CPU
		{F9EAF2B2-4BA5-491E-8A12-A53BB88F6F4D}.Debug|Any CPU.ActiveCfg = Debug|Any CPU
		{F9EAF2B2-4BA5-491E-8A12-A53BB88F6F4D}.Debug|Any CPU.Build.0 = Debug|Any CPU
		{F9EAF2B2-4BA5-491E-8A12-A53BB88F6F4D}.Release|Any CPU.ActiveCfg = Release|Any CPU
		{F9EAF2B2-4BA5-491E-8A12-A53BB88F6F4D}.Release|Any CPU.Build.0 = Release|Any CPU
	EndGlobalSection
	GlobalSection(SolutionProperties) = preSolution
		HideSolutionNode = FALSE
	EndGlobalSection
	GlobalSection(NestedProjects) = preSolution
		{BDA09059-916D-498A-9A15-B7BA874CBC31} = {D197ABDC-7C36-4AF6-982F-A8886CF89827}
		{9A1F954D-D0E8-4384-A3B6-FF6E834FD852} = {D197ABDC-7C36-4AF6-982F-A8886CF89827}
		{BEF0780C-9B01-4864-9494-4589CB5AACF8} = {D197ABDC-7C36-4AF6-982F-A8886CF89827}
		{F5F91600-142A-4266-9CD3-BE008E984256} = {D197ABDC-7C36-4AF6-982F-A8886CF89827}
		{69B1001E-5F43-4BC6-B1FC-BBD80E630BF5} = {D197ABDC-7C36-4AF6-982F-A8886CF89827}
		{3FDD5FAA-C1CC-48C4-8381-A1EFA615F812} = {5C752F55-D58E-41A7-AFE8-43B896683C4E}
		{24326845-E0B6-439E-8923-A146E9938732} = {5C752F55-D58E-41A7-AFE8-43B896683C4E}
		{04026D12-578C-4452-8830-F0E5BCB666D2} = {5C752F55-D58E-41A7-AFE8-43B896683C4E}
		{A2C5BBAB-C1D4-41DA-856E-5F2A5A04BE37} = {5C752F55-D58E-41A7-AFE8-43B896683C4E}
		{F9EAF2B2-4BA5-491E-8A12-A53BB88F6F4D} = {5C752F55-D58E-41A7-AFE8-43B896683C4E}
	EndGlobalSection
	GlobalSection(ExtensibilityGlobals) = postSolution
		SolutionGuid = {92286175-F7BB-4BD2-A8A5-5D005971C22F}
	EndGlobalSection
EndGlobal
