
Microsoft Visual Studio Solution File, Format Version 12.00
# Visual Studio 15
VisualStudioVersion = 15.0.27130.2026
MinimumVisualStudioVersion = 10.0.40219.1
Project("{2150E333-8FDC-42A3-9474-1A3956D46DE8}") = "1.NewLibCore", "1.NewLibCore", "{5C752F55-D58E-41A7-AFE8-43B896683C4E}"
EndProject
Project("{9A19103F-16F7-4668-BE54-9A1E7A4F7556}") = "NewLibCore", "NewLibCore\NewLibCore.csproj", "{3FDD5FAA-C1CC-48C4-8381-A1EFA615F812}"
EndProject
Project("{9A19103F-16F7-4668-BE54-9A1E7A4F7556}") = "NewLibCore.Data", "NewLibCore.Data\NewLibCore.Data.csproj", "{24326845-E0B6-439E-8923-A146E9938732}"
EndProject
Project("{9A19103F-16F7-4668-BE54-9A1E7A4F7556}") = "NewLibCore.Security", "NewLibCore.Security\NewLibCore.Security.csproj", "{04026D12-578C-4452-8830-F0E5BCB666D2}"
EndProject
Project("{9A19103F-16F7-4668-BE54-9A1E7A4F7556}") = "UnitTestProject1", "UnitTestProject1\UnitTestProject1.csproj", "{A2C5BBAB-C1D4-41DA-856E-5F2A5A04BE37}"
EndProject
Project("{9A19103F-16F7-4668-BE54-9A1E7A4F7556}") = "ConsoleApp1", "ConsoleApp1\ConsoleApp1.csproj", "{F9EAF2B2-4BA5-491E-8A12-A53BB88F6F4D}"
EndProject
Global
	GlobalSection(SolutionConfigurationPlatforms) = preSolution
		Debug|Any CPU = Debug|Any CPU
		Release|Any CPU = Release|Any CPU
	EndGlobalSection
	GlobalSection(ProjectConfigurationPlatforms) = postSolution
		{3FDD5FAA-C1CC-48C4-8381-A1EFA615F812}.Debug|Any CPU.ActiveCfg = Debug|Any CPU
		{3FDD5FAA-C1CC-48C4-8381-A1EFA615F812}.Debug|Any CPU.Build.0 = Debug|Any CPU
		{3FDD5FAA-C1CC-48C4-8381-A1EFA615F812}.Release|Any CPU.ActiveCfg = Release|Any CPU
		{3FDD5FAA-C1CC-48C4-8381-A1EFA615F812}.Release|Any CPU.Build.0 = Release|Any CPU
		{24326845-E0B6-439E-8923-A146E9938732}.Debug|Any CPU.ActiveCfg = Debug|Any CPU
		{24326845-E0B6-439E-8923-A146E9938732}.Debug|Any CPU.Build.0 = Debug|Any CPU
		{24326845-E0B6-439E-8923-A146E9938732}.Release|Any CPU.ActiveCfg = Release|Any CPU
		{24326845-E0B6-439E-8923-A146E9938732}.Release|Any CPU.Build.0 = Release|Any CPU
		{04026D12-578C-4452-8830-F0E5BCB666D2}.Debug|Any CPU.ActiveCfg = Debug|Any CPU
		{04026D12-578C-4452-8830-F0E5BCB666D2}.Debug|Any CPU.Build.0 = Debug|Any CPU
		{04026D12-578C-4452-8830-F0E5BCB666D2}.Release|Any CPU.ActiveCfg = Release|Any CPU
		{04026D12-578C-4452-8830-F0E5BCB666D2}.Release|Any CPU.Build.0 = Release|Any CPU
		{A2C5BBAB-C1D4-41DA-856E-5F2A5A04BE37}.Debug|Any CPU.ActiveCfg = Debug|Any CPU
		{A2C5BBAB-C1D4-41DA-856E-5F2A5A04BE37}.Debug|Any CPU.Build.0 = Debug|Any CPU
		{A2C5BBAB-C1D4-41DA-856E-5F2A5A04BE37}.Release|Any CPU.ActiveCfg = Release|Any CPU
		{A2C5BBAB-C1D4-41DA-856E-5F2A5A04BE37}.Release|Any CPU.Build.0 = Release|Any CPU
		{F9EAF2B2-4BA5-491E-8A12-A53BB88F6F4D}.Debug|Any CPU.ActiveCfg = Debug|Any CPU
		{F9EAF2B2-4BA5-491E-8A12-A53BB88F6F4D}.Debug|Any CPU.Build.0 = Debug|Any CPU
		{F9EAF2B2-4BA5-491E-8A12-A53BB88F6F4D}.Release|Any CPU.ActiveCfg = Release|Any CPU
		{F9EAF2B2-4BA5-491E-8A12-A53BB88F6F4D}.Release|Any CPU.Build.0 = Release|Any CPU
	EndGlobalSection
	GlobalSection(SolutionProperties) = preSolution
		HideSolutionNode = FALSE
	EndGlobalSection
	GlobalSection(NestedProjects) = preSolution
		{3FDD5FAA-C1CC-48C4-8381-A1EFA615F812} = {5C752F55-D58E-41A7-AFE8-43B896683C4E}
		{24326845-E0B6-439E-8923-A146E9938732} = {5C752F55-D58E-41A7-AFE8-43B896683C4E}
		{04026D12-578C-4452-8830-F0E5BCB666D2} = {5C752F55-D58E-41A7-AFE8-43B896683C4E}
		{A2C5BBAB-C1D4-41DA-856E-5F2A5A04BE37} = {5C752F55-D58E-41A7-AFE8-43B896683C4E}
		{F9EAF2B2-4BA5-491E-8A12-A53BB88F6F4D} = {5C752F55-D58E-41A7-AFE8-43B896683C4E}
	EndGlobalSection
	GlobalSection(ExtensibilityGlobals) = postSolution
		SolutionGuid = {92286175-F7BB-4BD2-A8A5-5D005971C22F}
	EndGlobalSection
EndGlobal
